
Microsoft Visual Studio Solution File, Format Version 12.00
# Visual Studio 15
VisualStudioVersion = 15.0.28307.489
MinimumVisualStudioVersion = 10.0.40219.1
Project("{8BC9CEB8-8B4A-11D0-8D11-00A0C91BC942}") = "Task 1", "Task 1\Task 1.vcxproj", "{281D3455-B8C2-4FA5-B844-2086C4377996}"
EndProject
Project("{8BC9CEB8-8B4A-11D0-8D11-00A0C91BC942}") = "Task 2.1", "Task 2.1\Task 2.1.vcxproj", "{2C316DEC-3C5D-44F8-84F4-1D4146F198BB}"
EndProject
Project("{8BC9CEB8-8B4A-11D0-8D11-00A0C91BC942}") = "Task 2.2", "Task 2.2\Task 2.2.vcxproj", "{F2D20159-254E-4B26-90BC-C8BB54B7941A}"
EndProject
Project("{8BC9CEB8-8B4A-11D0-8D11-00A0C91BC942}") = "Task 2.3", "Task 2.3\Task 2.3.vcxproj", "{3D45B2F4-97CE-48FD-9587-A1EAC88794DC}"
EndProject
Project("{8BC9CEB8-8B4A-11D0-8D11-00A0C91BC942}") = "Task 3", "Task 3\Task 3.vcxproj", "{3975B7AB-0D58-4E46-9BEC-70FBB7654475}"
EndProject
Project("{8BC9CEB8-8B4A-11D0-8D11-00A0C91BC942}") = "Task 5", "Task 5\Task 5.vcxproj", "{33C068A5-57A8-40D1-8DF1-A2E4FBB49963}"
EndProject
Project("{8BC9CEB8-8B4A-11D0-8D11-00A0C91BC942}") = "Task 6", "Task 6\Task 6.vcxproj", "{16F78AC6-FCEC-4D6A-BD67-8D388DC36D59}"
EndProject
Project("{8BC9CEB8-8B4A-11D0-8D11-00A0C91BC942}") = "Task 7", "Task 7\Task 7.vcxproj", "{A5AD08BF-EDB4-4B35-9810-8D16A3264D6A}"
EndProject
Project("{8BC9CEB8-8B4A-11D0-8D11-00A0C91BC942}") = "Task 8", "Task 8\Task 8.vcxproj", "{C59A86BE-9246-4A5A-A51C-3CF980B3EDAE}"
EndProject
Project("{8BC9CEB8-8B4A-11D0-8D11-00A0C91BC942}") = "Task 9", "Task 9\Task 9.vcxproj", "{11423576-FB6D-44CC-B586-381E10A5AE3C}"
EndProject
Global
	GlobalSection(SolutionConfigurationPlatforms) = preSolution
		Debug|x64 = Debug|x64
		Debug|x86 = Debug|x86
		Release|x64 = Release|x64
		Release|x86 = Release|x86
	EndGlobalSection
	GlobalSection(ProjectConfigurationPlatforms) = postSolution
		{281D3455-B8C2-4FA5-B844-2086C4377996}.Debug|x64.ActiveCfg = Debug|x64
		{281D3455-B8C2-4FA5-B844-2086C4377996}.Debug|x64.Build.0 = Debug|x64
		{281D3455-B8C2-4FA5-B844-2086C4377996}.Debug|x86.ActiveCfg = Debug|Win32
		{281D3455-B8C2-4FA5-B844-2086C4377996}.Debug|x86.Build.0 = Debug|Win32
		{281D3455-B8C2-4FA5-B844-2086C4377996}.Release|x64.ActiveCfg = Release|x64
		{281D3455-B8C2-4FA5-B844-2086C4377996}.Release|x64.Build.0 = Release|x64
		{281D3455-B8C2-4FA5-B844-2086C4377996}.Release|x86.ActiveCfg = Release|Win32
		{281D3455-B8C2-4FA5-B844-2086C4377996}.Release|x86.Build.0 = Release|Win32
		{2C316DEC-3C5D-44F8-84F4-1D4146F198BB}.Debug|x64.ActiveCfg = Debug|x64
		{2C316DEC-3C5D-44F8-84F4-1D4146F198BB}.Debug|x64.Build.0 = Debug|x64
		{2C316DEC-3C5D-44F8-84F4-1D4146F198BB}.Debug|x86.ActiveCfg = Debug|Win32
		{2C316DEC-3C5D-44F8-84F4-1D4146F198BB}.Debug|x86.Build.0 = Debug|Win32
		{2C316DEC-3C5D-44F8-84F4-1D4146F198BB}.Release|x64.ActiveCfg = Release|x64
		{2C316DEC-3C5D-44F8-84F4-1D4146F198BB}.Release|x64.Build.0 = Release|x64
		{2C316DEC-3C5D-44F8-84F4-1D4146F198BB}.Release|x86.ActiveCfg = Release|Win32
		{2C316DEC-3C5D-44F8-84F4-1D4146F198BB}.Release|x86.Build.0 = Release|Win32
		{F2D20159-254E-4B26-90BC-C8BB54B7941A}.Debug|x64.ActiveCfg = Debug|x64
		{F2D20159-254E-4B26-90BC-C8BB54B7941A}.Debug|x64.Build.0 = Debug|x64
		{F2D20159-254E-4B26-90BC-C8BB54B7941A}.Debug|x86.ActiveCfg = Debug|Win32
		{F2D20159-254E-4B26-90BC-C8BB54B7941A}.Debug|x86.Build.0 = Debug|Win32
		{F2D20159-254E-4B26-90BC-C8BB54B7941A}.Release|x64.ActiveCfg = Release|x64
		{F2D20159-254E-4B26-90BC-C8BB54B7941A}.Release|x64.Build.0 = Release|x64
		{F2D20159-254E-4B26-90BC-C8BB54B7941A}.Release|x86.ActiveCfg = Release|Win32
		{F2D20159-254E-4B26-90BC-C8BB54B7941A}.Release|x86.Build.0 = Release|Win32
		{3D45B2F4-97CE-48FD-9587-A1EAC88794DC}.Debug|x64.ActiveCfg = Debug|x64
		{3D45B2F4-97CE-48FD-9587-A1EAC88794DC}.Debug|x64.Build.0 = Debug|x64
		{3D45B2F4-97CE-48FD-9587-A1EAC88794DC}.Debug|x86.ActiveCfg = Debug|Win32
		{3D45B2F4-97CE-48FD-9587-A1EAC88794DC}.Debug|x86.Build.0 = Debug|Win32
		{3D45B2F4-97CE-48FD-9587-A1EAC88794DC}.Release|x64.ActiveCfg = Release|x64
		{3D45B2F4-97CE-48FD-9587-A1EAC88794DC}.Release|x64.Build.0 = Release|x64
		{3D45B2F4-97CE-48FD-9587-A1EAC88794DC}.Release|x86.ActiveCfg = Release|Win32
		{3D45B2F4-97CE-48FD-9587-A1EAC88794DC}.Release|x86.Build.0 = Release|Win32
		{3975B7AB-0D58-4E46-9BEC-70FBB7654475}.Debug|x64.ActiveCfg = Debug|x64
		{3975B7AB-0D58-4E46-9BEC-70FBB7654475}.Debug|x64.Build.0 = Debug|x64
		{3975B7AB-0D58-4E46-9BEC-70FBB7654475}.Debug|x86.ActiveCfg = Debug|Win32
		{3975B7AB-0D58-4E46-9BEC-70FBB7654475}.Debug|x86.Build.0 = Debug|Win32
		{3975B7AB-0D58-4E46-9BEC-70FBB7654475}.Release|x64.ActiveCfg = Release|x64
		{3975B7AB-0D58-4E46-9BEC-70FBB7654475}.Release|x64.Build.0 = Release|x64
		{3975B7AB-0D58-4E46-9BEC-70FBB7654475}.Release|x86.ActiveCfg = Release|Win32
		{3975B7AB-0D58-4E46-9BEC-70FBB7654475}.Release|x86.Build.0 = Release|Win32
		{33C068A5-57A8-40D1-8DF1-A2E4FBB49963}.Debug|x64.ActiveCfg = Debug|x64
		{33C068A5-57A8-40D1-8DF1-A2E4FBB49963}.Debug|x64.Build.0 = Debug|x64
		{33C068A5-57A8-40D1-8DF1-A2E4FBB49963}.Debug|x86.ActiveCfg = Debug|Win32
		{33C068A5-57A8-40D1-8DF1-A2E4FBB49963}.Debug|x86.Build.0 = Debug|Win32
		{33C068A5-57A8-40D1-8DF1-A2E4FBB49963}.Release|x64.ActiveCfg = Release|x64
		{33C068A5-57A8-40D1-8DF1-A2E4FBB49963}.Release|x64.Build.0 = Release|x64
		{33C068A5-57A8-40D1-8DF1-A2E4FBB49963}.Release|x86.ActiveCfg = Release|Win32
		{33C068A5-57A8-40D1-8DF1-A2E4FBB49963}.Release|x86.Build.0 = Release|Win32
		{16F78AC6-FCEC-4D6A-BD67-8D388DC36D59}.Debug|x64.ActiveCfg = Debug|x64
		{16F78AC6-FCEC-4D6A-BD67-8D388DC36D59}.Debug|x64.Build.0 = Debug|x64
		{16F78AC6-FCEC-4D6A-BD67-8D388DC36D59}.Debug|x86.ActiveCfg = Debug|Win32
		{16F78AC6-FCEC-4D6A-BD67-8D388DC36D59}.Debug|x86.Build.0 = Debug|Win32
		{16F78AC6-FCEC-4D6A-BD67-8D388DC36D59}.Release|x64.ActiveCfg = Release|x64
		{16F78AC6-FCEC-4D6A-BD67-8D388DC36D59}.Release|x64.Build.0 = Release|x64
		{16F78AC6-FCEC-4D6A-BD67-8D388DC36D59}.Release|x86.ActiveCfg = Release|Win32
		{16F78AC6-FCEC-4D6A-BD67-8D388DC36D59}.Release|x86.Build.0 = Release|Win32
		{A5AD08BF-EDB4-4B35-9810-8D16A3264D6A}.Debug|x64.ActiveCfg = Debug|x64
		{A5AD08BF-EDB4-4B35-9810-8D16A3264D6A}.Debug|x64.Build.0 = Debug|x64
		{A5AD08BF-EDB4-4B35-9810-8D16A3264D6A}.Debug|x86.ActiveCfg = Debug|Win32
		{A5AD08BF-EDB4-4B35-9810-8D16A3264D6A}.Debug|x86.Build.0 = Debug|Win32
		{A5AD08BF-EDB4-4B35-9810-8D16A3264D6A}.Release|x64.ActiveCfg = Release|x64
		{A5AD08BF-EDB4-4B35-9810-8D16A3264D6A}.Release|x64.Build.0 = Release|x64
		{A5AD08BF-EDB4-4B35-9810-8D16A3264D6A}.Release|x86.ActiveCfg = Release|Win32
		{A5AD08BF-EDB4-4B35-9810-8D16A3264D6A}.Release|x86.Build.0 = Release|Win32
		{C59A86BE-9246-4A5A-A51C-3CF980B3EDAE}.Debug|x64.ActiveCfg = Debug|x64
		{C59A86BE-9246-4A5A-A51C-3CF980B3EDAE}.Debug|x64.Build.0 = Debug|x64
		{C59A86BE-9246-4A5A-A51C-3CF980B3EDAE}.Debug|x86.ActiveCfg = Debug|Win32
		{C59A86BE-9246-4A5A-A51C-3CF980B3EDAE}.Debug|x86.Build.0 = Debug|Win32
		{C59A86BE-9246-4A5A-A51C-3CF980B3EDAE}.Release|x64.ActiveCfg = Release|x64
		{C59A86BE-9246-4A5A-A51C-3CF980B3EDAE}.Release|x64.Build.0 = Release|x64
		{C59A86BE-9246-4A5A-A51C-3CF980B3EDAE}.Release|x86.ActiveCfg = Release|Win32
		{C59A86BE-9246-4A5A-A51C-3CF980B3EDAE}.Release|x86.Build.0 = Release|Win32
		{11423576-FB6D-44CC-B586-381E10A5AE3C}.Debug|x64.ActiveCfg = Debug|x64
		{11423576-FB6D-44CC-B586-381E10A5AE3C}.Debug|x64.Build.0 = Debug|x64
		{11423576-FB6D-44CC-B586-381E10A5AE3C}.Debug|x86.ActiveCfg = Debug|Win32
		{11423576-FB6D-44CC-B586-381E10A5AE3C}.Debug|x86.Build.0 = Debug|Win32
		{11423576-FB6D-44CC-B586-381E10A5AE3C}.Release|x64.ActiveCfg = Release|x64
		{11423576-FB6D-44CC-B586-381E10A5AE3C}.Release|x64.Build.0 = Release|x64
		{11423576-FB6D-44CC-B586-381E10A5AE3C}.Release|x86.ActiveCfg = Release|Win32
		{11423576-FB6D-44CC-B586-381E10A5AE3C}.Release|x86.Build.0 = Release|Win32
	EndGlobalSection
	GlobalSection(SolutionProperties) = preSolution
		HideSolutionNode = FALSE
	EndGlobalSection
	GlobalSection(ExtensibilityGlobals) = postSolution
		SolutionGuid = {7FFAFBEA-35BB-46BF-9EE9-98FA31690131}
	EndGlobalSection
EndGlobal
